# This file is automatically @generated by Cargo.
# It is not intended for manual editing.
version = 3

[[package]]
name = "anyhow"
version = "1.0.51"
source = "registry+https://github.com/rust-lang/crates.io-index"
checksum = "8b26702f315f53b6071259e15dd9d64528213b44d61de1ec926eca7715d62203"

[[package]]
name = "kamadak-exif"
version = "0.5.4"
source = "registry+https://github.com/rust-lang/crates.io-index"
checksum = "70494964492bf8e491eb3951c5d70c9627eb7100ede6cc56d748b9a3f302cfb6"
dependencies = [
 "mutate_once",
]

[[package]]
name = "mutate_once"
version = "0.1.1"
source = "registry+https://github.com/rust-lang/crates.io-index"
checksum = "16cf681a23b4d0a43fc35024c176437f9dcd818db34e0f42ab456a0ee5ad497b"

[[package]]
name = "picar-rs"
version = "0.1.0"
dependencies = [
 "anyhow",
 "kamadak-exif",
]
